
Microsoft Visual Studio Solution File, Format Version 12.00
# Visual Studio Version 17
VisualStudioVersion = 17.14.36518.9 d17.14
MinimumVisualStudioVersion = 10.0.40219.1
Project("{FAE04EC0-301F-11D3-BF4B-00C04F79EFBC}") = "Flights", "Flights.csproj", "{79FC9988-0755-4951-8E41-8AA7D7ECC182}"
EndProject
Global
	GlobalSection(SolutionConfigurationPlatforms) = preSolution
		Debug|Any CPU = Debug|Any CPU
		Release|Any CPU = Release|Any CPU
	EndGlobalSection
	GlobalSection(ProjectConfigurationPlatforms) = postSolution
		{79FC9988-0755-4951-8E41-8AA7D7ECC182}.Debug|Any CPU.ActiveCfg = Debug|Any CPU
		{79FC9988-0755-4951-8E41-8AA7D7ECC182}.Debug|Any CPU.Build.0 = Debug|Any CPU
		{79FC9988-0755-4951-8E41-8AA7D7ECC182}.Release|Any CPU.ActiveCfg = Release|Any CPU
		{79FC9988-0755-4951-8E41-8AA7D7ECC182}.Release|Any CPU.Build.0 = Release|Any CPU
	EndGlobalSection
	GlobalSection(SolutionProperties) = preSolution
		HideSolutionNode = FALSE
	EndGlobalSection
	GlobalSection(ExtensibilityGlobals) = postSolution
		SolutionGuid = {27EBCE3C-7B65-4289-A06C-BB976B516931}
	EndGlobalSection
EndGlobal
